
Microsoft Visual Studio Solution File, Format Version 12.00
# Visual Studio Version 17
VisualStudioVersion = 17.6.33815.320
MinimumVisualStudioVersion = 10.0.40219.1
Project("{FAE04EC0-301F-11D3-BF4B-00C04F79EFBC}") = "BotBackgroundService", "BotBackgroundService\BotBackgroundService.csproj", "{AD38B6A1-A55C-4EEF-B3C2-A0A6D2ADE979}"
EndProject
Global
	GlobalSection(SolutionConfigurationPlatforms) = preSolution
		Debug|Any CPU = Debug|Any CPU
		Release|Any CPU = Release|Any CPU
	EndGlobalSection
	GlobalSection(ProjectConfigurationPlatforms) = postSolution
		{AD38B6A1-A55C-4EEF-B3C2-A0A6D2ADE979}.Debug|Any CPU.ActiveCfg = Debug|Any CPU
		{AD38B6A1-A55C-4EEF-B3C2-A0A6D2ADE979}.Debug|Any CPU.Build.0 = Debug|Any CPU
		{AD38B6A1-A55C-4EEF-B3C2-A0A6D2ADE979}.Release|Any CPU.ActiveCfg = Release|Any CPU
		{AD38B6A1-A55C-4EEF-B3C2-A0A6D2ADE979}.Release|Any CPU.Build.0 = Release|Any CPU
	EndGlobalSection
	GlobalSection(SolutionProperties) = preSolution
		HideSolutionNode = FALSE
	EndGlobalSection
	GlobalSection(ExtensibilityGlobals) = postSolution
		SolutionGuid = {43F538F8-0BEF-461E-985E-BA51C2D12259}
	EndGlobalSection
EndGlobal
